
Microsoft Visual Studio Solution File, Format Version 12.00
# Visual Studio 14
VisualStudioVersion = 14.0.23107.0
MinimumVisualStudioVersion = 10.0.40219.1
Project("{8BC9CEB8-8B4A-11D0-8D11-00A0C91BC942}") = "range_search", "range_search\range_search.vcxproj", "{377D5A79-DDAC-473E-88AA-08B6536E49B4}"
EndProject
Project("{8BC9CEB8-8B4A-11D0-8D11-00A0C91BC942}") = "zuma", "zuma\zuma.vcxproj", "{4B4EA443-1EFE-4E0D-AFE1-2297FDABDC53}"
EndProject
Project("{8BC9CEB8-8B4A-11D0-8D11-00A0C91BC942}") = "Lighthouse", "Lighthouse\Lighthouse.vcxproj", "{051F5475-4169-4918-A205-18B31F6028A3}"
EndProject
Project("{8BC9CEB8-8B4A-11D0-8D11-00A0C91BC942}") = "Train_Dispatching", "Train Dispatching\Train Dispatching.vcxproj", "{907A5F14-276C-4C17-BA6B-42E07E31640E}"
EndProject
Project("{8BC9CEB8-8B4A-11D0-8D11-00A0C91BC942}") = "tunnel", "tunnel\tunnel.vcxproj", "{123DA479-43FB-4236-ACBB-031D8DC8B1C7}"
EndProject
Project("{8BC9CEB8-8B4A-11D0-8D11-00A0C91BC942}") = "proper rebuild", "proper rebuild\proper rebuild.vcxproj", "{E43FE819-743C-4A02-B1BF-FD82970F3E45}"
EndProject
Project("{8BC9CEB8-8B4A-11D0-8D11-00A0C91BC942}") = "TSP", "TSP\TSP.vcxproj", "{88BEC232-92EC-447B-B044-3E3D3C5FC41F}"
EndProject
Project("{8BC9CEB8-8B4A-11D0-8D11-00A0C91BC942}") = "TSP_AdjacencyList", "TSP_AdjacencyList\TSP_AdjacencyList.vcxproj", "{6985B458-D63A-48F9-95EE-52C263746BBA}"
EndProject
Project("{8BC9CEB8-8B4A-11D0-8D11-00A0C91BC942}") = "broadcast", "broadcast\broadcast.vcxproj", "{CEA2BE59-61F1-4316-B0B0-D4835D04EBDB}"
EndProject
Project("{8BC9CEB8-8B4A-11D0-8D11-00A0C91BC942}") = "deduplicate", "deduplicate\deduplicate.vcxproj", "{A2F67381-ECD9-4874-B0AC-CDDFB6805E9E}"
EndProject
Project("{8BC9CEB8-8B4A-11D0-8D11-00A0C91BC942}") = "scheduler", "scheduler\scheduler.vcxproj", "{B31189A9-BF1A-4FCB-81F2-90F50741CBF9}"
EndProject
Project("{8BC9CEB8-8B4A-11D0-8D11-00A0C91BC942}") = "Cycle", "Cycle\Cycle.vcxproj", "{0C08E256-0C20-4CF1-AFB1-22A91E428617}"
EndProject
Project("{8BC9CEB8-8B4A-11D0-8D11-00A0C91BC942}") = "Toy_high performance", "Toy\Toy.vcxproj", "{696FC2CE-80E2-4CD0-ABF7-C9BFE0FFD7D5}"
EndProject
Project("{8BC9CEB8-8B4A-11D0-8D11-00A0C91BC942}") = "Toy_low performance", "Toy_low performance\Toy_low performance.vcxproj", "{3E586104-5DDB-4299-B75F-DC88A8E29FF0}"
EndProject
Project("{8BC9CEB8-8B4A-11D0-8D11-00A0C91BC942}") = "Mini Rubik's Cube", "Mini Rubik's Cube\Mini Rubik's Cube.vcxproj", "{918CB450-A7C4-4731-9454-8D6769336431}"
EndProject
Global
	GlobalSection(SolutionConfigurationPlatforms) = preSolution
		Debug|x64 = Debug|x64
		Debug|x86 = Debug|x86
		Release|x64 = Release|x64
		Release|x86 = Release|x86
	EndGlobalSection
	GlobalSection(ProjectConfigurationPlatforms) = postSolution
		{377D5A79-DDAC-473E-88AA-08B6536E49B4}.Debug|x64.ActiveCfg = Debug|x64
		{377D5A79-DDAC-473E-88AA-08B6536E49B4}.Debug|x64.Build.0 = Debug|x64
		{377D5A79-DDAC-473E-88AA-08B6536E49B4}.Debug|x86.ActiveCfg = Debug|Win32
		{377D5A79-DDAC-473E-88AA-08B6536E49B4}.Debug|x86.Build.0 = Debug|Win32
		{377D5A79-DDAC-473E-88AA-08B6536E49B4}.Release|x64.ActiveCfg = Release|x64
		{377D5A79-DDAC-473E-88AA-08B6536E49B4}.Release|x64.Build.0 = Release|x64
		{377D5A79-DDAC-473E-88AA-08B6536E49B4}.Release|x86.ActiveCfg = Release|Win32
		{377D5A79-DDAC-473E-88AA-08B6536E49B4}.Release|x86.Build.0 = Release|Win32
		{4B4EA443-1EFE-4E0D-AFE1-2297FDABDC53}.Debug|x64.ActiveCfg = Debug|x64
		{4B4EA443-1EFE-4E0D-AFE1-2297FDABDC53}.Debug|x64.Build.0 = Debug|x64
		{4B4EA443-1EFE-4E0D-AFE1-2297FDABDC53}.Debug|x86.ActiveCfg = Debug|Win32
		{4B4EA443-1EFE-4E0D-AFE1-2297FDABDC53}.Debug|x86.Build.0 = Debug|Win32
		{4B4EA443-1EFE-4E0D-AFE1-2297FDABDC53}.Release|x64.ActiveCfg = Release|x64
		{4B4EA443-1EFE-4E0D-AFE1-2297FDABDC53}.Release|x64.Build.0 = Release|x64
		{4B4EA443-1EFE-4E0D-AFE1-2297FDABDC53}.Release|x86.ActiveCfg = Release|Win32
		{4B4EA443-1EFE-4E0D-AFE1-2297FDABDC53}.Release|x86.Build.0 = Release|Win32
		{051F5475-4169-4918-A205-18B31F6028A3}.Debug|x64.ActiveCfg = Debug|x64
		{051F5475-4169-4918-A205-18B31F6028A3}.Debug|x64.Build.0 = Debug|x64
		{051F5475-4169-4918-A205-18B31F6028A3}.Debug|x86.ActiveCfg = Debug|Win32
		{051F5475-4169-4918-A205-18B31F6028A3}.Debug|x86.Build.0 = Debug|Win32
		{051F5475-4169-4918-A205-18B31F6028A3}.Release|x64.ActiveCfg = Release|x64
		{051F5475-4169-4918-A205-18B31F6028A3}.Release|x64.Build.0 = Release|x64
		{051F5475-4169-4918-A205-18B31F6028A3}.Release|x86.ActiveCfg = Release|Win32
		{051F5475-4169-4918-A205-18B31F6028A3}.Release|x86.Build.0 = Release|Win32
		{907A5F14-276C-4C17-BA6B-42E07E31640E}.Debug|x64.ActiveCfg = Debug|x64
		{907A5F14-276C-4C17-BA6B-42E07E31640E}.Debug|x64.Build.0 = Debug|x64
		{907A5F14-276C-4C17-BA6B-42E07E31640E}.Debug|x86.ActiveCfg = Debug|Win32
		{907A5F14-276C-4C17-BA6B-42E07E31640E}.Debug|x86.Build.0 = Debug|Win32
		{907A5F14-276C-4C17-BA6B-42E07E31640E}.Release|x64.ActiveCfg = Release|x64
		{907A5F14-276C-4C17-BA6B-42E07E31640E}.Release|x64.Build.0 = Release|x64
		{907A5F14-276C-4C17-BA6B-42E07E31640E}.Release|x86.ActiveCfg = Release|Win32
		{907A5F14-276C-4C17-BA6B-42E07E31640E}.Release|x86.Build.0 = Release|Win32
		{123DA479-43FB-4236-ACBB-031D8DC8B1C7}.Debug|x64.ActiveCfg = Debug|x64
		{123DA479-43FB-4236-ACBB-031D8DC8B1C7}.Debug|x64.Build.0 = Debug|x64
		{123DA479-43FB-4236-ACBB-031D8DC8B1C7}.Debug|x86.ActiveCfg = Debug|Win32
		{123DA479-43FB-4236-ACBB-031D8DC8B1C7}.Debug|x86.Build.0 = Debug|Win32
		{123DA479-43FB-4236-ACBB-031D8DC8B1C7}.Release|x64.ActiveCfg = Release|x64
		{123DA479-43FB-4236-ACBB-031D8DC8B1C7}.Release|x64.Build.0 = Release|x64
		{123DA479-43FB-4236-ACBB-031D8DC8B1C7}.Release|x86.ActiveCfg = Release|Win32
		{123DA479-43FB-4236-ACBB-031D8DC8B1C7}.Release|x86.Build.0 = Release|Win32
		{E43FE819-743C-4A02-B1BF-FD82970F3E45}.Debug|x64.ActiveCfg = Debug|x64
		{E43FE819-743C-4A02-B1BF-FD82970F3E45}.Debug|x64.Build.0 = Debug|x64
		{E43FE819-743C-4A02-B1BF-FD82970F3E45}.Debug|x86.ActiveCfg = Debug|Win32
		{E43FE819-743C-4A02-B1BF-FD82970F3E45}.Debug|x86.Build.0 = Debug|Win32
		{E43FE819-743C-4A02-B1BF-FD82970F3E45}.Release|x64.ActiveCfg = Release|x64
		{E43FE819-743C-4A02-B1BF-FD82970F3E45}.Release|x64.Build.0 = Release|x64
		{E43FE819-743C-4A02-B1BF-FD82970F3E45}.Release|x86.ActiveCfg = Release|Win32
		{E43FE819-743C-4A02-B1BF-FD82970F3E45}.Release|x86.Build.0 = Release|Win32
		{88BEC232-92EC-447B-B044-3E3D3C5FC41F}.Debug|x64.ActiveCfg = Debug|x64
		{88BEC232-92EC-447B-B044-3E3D3C5FC41F}.Debug|x64.Build.0 = Debug|x64
		{88BEC232-92EC-447B-B044-3E3D3C5FC41F}.Debug|x86.ActiveCfg = Debug|Win32
		{88BEC232-92EC-447B-B044-3E3D3C5FC41F}.Debug|x86.Build.0 = Debug|Win32
		{88BEC232-92EC-447B-B044-3E3D3C5FC41F}.Release|x64.ActiveCfg = Release|x64
		{88BEC232-92EC-447B-B044-3E3D3C5FC41F}.Release|x64.Build.0 = Release|x64
		{88BEC232-92EC-447B-B044-3E3D3C5FC41F}.Release|x86.ActiveCfg = Release|Win32
		{88BEC232-92EC-447B-B044-3E3D3C5FC41F}.Release|x86.Build.0 = Release|Win32
		{6985B458-D63A-48F9-95EE-52C263746BBA}.Debug|x64.ActiveCfg = Debug|x64
		{6985B458-D63A-48F9-95EE-52C263746BBA}.Debug|x64.Build.0 = Debug|x64
		{6985B458-D63A-48F9-95EE-52C263746BBA}.Debug|x86.ActiveCfg = Debug|Win32
		{6985B458-D63A-48F9-95EE-52C263746BBA}.Debug|x86.Build.0 = Debug|Win32
		{6985B458-D63A-48F9-95EE-52C263746BBA}.Release|x64.ActiveCfg = Release|x64
		{6985B458-D63A-48F9-95EE-52C263746BBA}.Release|x64.Build.0 = Release|x64
		{6985B458-D63A-48F9-95EE-52C263746BBA}.Release|x86.ActiveCfg = Release|Win32
		{6985B458-D63A-48F9-95EE-52C263746BBA}.Release|x86.Build.0 = Release|Win32
		{CEA2BE59-61F1-4316-B0B0-D4835D04EBDB}.Debug|x64.ActiveCfg = Debug|x64
		{CEA2BE59-61F1-4316-B0B0-D4835D04EBDB}.Debug|x64.Build.0 = Debug|x64
		{CEA2BE59-61F1-4316-B0B0-D4835D04EBDB}.Debug|x86.ActiveCfg = Debug|Win32
		{CEA2BE59-61F1-4316-B0B0-D4835D04EBDB}.Debug|x86.Build.0 = Debug|Win32
		{CEA2BE59-61F1-4316-B0B0-D4835D04EBDB}.Release|x64.ActiveCfg = Release|x64
		{CEA2BE59-61F1-4316-B0B0-D4835D04EBDB}.Release|x64.Build.0 = Release|x64
		{CEA2BE59-61F1-4316-B0B0-D4835D04EBDB}.Release|x86.ActiveCfg = Release|Win32
		{CEA2BE59-61F1-4316-B0B0-D4835D04EBDB}.Release|x86.Build.0 = Release|Win32
		{A2F67381-ECD9-4874-B0AC-CDDFB6805E9E}.Debug|x64.ActiveCfg = Debug|x64
		{A2F67381-ECD9-4874-B0AC-CDDFB6805E9E}.Debug|x64.Build.0 = Debug|x64
		{A2F67381-ECD9-4874-B0AC-CDDFB6805E9E}.Debug|x86.ActiveCfg = Debug|Win32
		{A2F67381-ECD9-4874-B0AC-CDDFB6805E9E}.Debug|x86.Build.0 = Debug|Win32
		{A2F67381-ECD9-4874-B0AC-CDDFB6805E9E}.Release|x64.ActiveCfg = Release|x64
		{A2F67381-ECD9-4874-B0AC-CDDFB6805E9E}.Release|x64.Build.0 = Release|x64
		{A2F67381-ECD9-4874-B0AC-CDDFB6805E9E}.Release|x86.ActiveCfg = Release|Win32
		{A2F67381-ECD9-4874-B0AC-CDDFB6805E9E}.Release|x86.Build.0 = Release|Win32
		{B31189A9-BF1A-4FCB-81F2-90F50741CBF9}.Debug|x64.ActiveCfg = Debug|x64
		{B31189A9-BF1A-4FCB-81F2-90F50741CBF9}.Debug|x64.Build.0 = Debug|x64
		{B31189A9-BF1A-4FCB-81F2-90F50741CBF9}.Debug|x86.ActiveCfg = Debug|Win32
		{B31189A9-BF1A-4FCB-81F2-90F50741CBF9}.Debug|x86.Build.0 = Debug|Win32
		{B31189A9-BF1A-4FCB-81F2-90F50741CBF9}.Release|x64.ActiveCfg = Release|x64
		{B31189A9-BF1A-4FCB-81F2-90F50741CBF9}.Release|x64.Build.0 = Release|x64
		{B31189A9-BF1A-4FCB-81F2-90F50741CBF9}.Release|x86.ActiveCfg = Release|Win32
		{B31189A9-BF1A-4FCB-81F2-90F50741CBF9}.Release|x86.Build.0 = Release|Win32
		{0C08E256-0C20-4CF1-AFB1-22A91E428617}.Debug|x64.ActiveCfg = Debug|x64
		{0C08E256-0C20-4CF1-AFB1-22A91E428617}.Debug|x64.Build.0 = Debug|x64
		{0C08E256-0C20-4CF1-AFB1-22A91E428617}.Debug|x86.ActiveCfg = Debug|Win32
		{0C08E256-0C20-4CF1-AFB1-22A91E428617}.Debug|x86.Build.0 = Debug|Win32
		{0C08E256-0C20-4CF1-AFB1-22A91E428617}.Release|x64.ActiveCfg = Release|x64
		{0C08E256-0C20-4CF1-AFB1-22A91E428617}.Release|x64.Build.0 = Release|x64
		{0C08E256-0C20-4CF1-AFB1-22A91E428617}.Release|x86.ActiveCfg = Release|Win32
		{0C08E256-0C20-4CF1-AFB1-22A91E428617}.Release|x86.Build.0 = Release|Win32
		{696FC2CE-80E2-4CD0-ABF7-C9BFE0FFD7D5}.Debug|x64.ActiveCfg = Debug|x64
		{696FC2CE-80E2-4CD0-ABF7-C9BFE0FFD7D5}.Debug|x64.Build.0 = Debug|x64
		{696FC2CE-80E2-4CD0-ABF7-C9BFE0FFD7D5}.Debug|x86.ActiveCfg = Debug|Win32
		{696FC2CE-80E2-4CD0-ABF7-C9BFE0FFD7D5}.Debug|x86.Build.0 = Debug|Win32
		{696FC2CE-80E2-4CD0-ABF7-C9BFE0FFD7D5}.Release|x64.ActiveCfg = Release|x64
		{696FC2CE-80E2-4CD0-ABF7-C9BFE0FFD7D5}.Release|x64.Build.0 = Release|x64
		{696FC2CE-80E2-4CD0-ABF7-C9BFE0FFD7D5}.Release|x86.ActiveCfg = Release|Win32
		{696FC2CE-80E2-4CD0-ABF7-C9BFE0FFD7D5}.Release|x86.Build.0 = Release|Win32
		{3E586104-5DDB-4299-B75F-DC88A8E29FF0}.Debug|x64.ActiveCfg = Debug|x64
		{3E586104-5DDB-4299-B75F-DC88A8E29FF0}.Debug|x64.Build.0 = Debug|x64
		{3E586104-5DDB-4299-B75F-DC88A8E29FF0}.Debug|x86.ActiveCfg = Debug|Win32
		{3E586104-5DDB-4299-B75F-DC88A8E29FF0}.Debug|x86.Build.0 = Debug|Win32
		{3E586104-5DDB-4299-B75F-DC88A8E29FF0}.Release|x64.ActiveCfg = Release|x64
		{3E586104-5DDB-4299-B75F-DC88A8E29FF0}.Release|x64.Build.0 = Release|x64
		{3E586104-5DDB-4299-B75F-DC88A8E29FF0}.Release|x86.ActiveCfg = Release|Win32
		{3E586104-5DDB-4299-B75F-DC88A8E29FF0}.Release|x86.Build.0 = Release|Win32
		{918CB450-A7C4-4731-9454-8D6769336431}.Debug|x64.ActiveCfg = Debug|x64
		{918CB450-A7C4-4731-9454-8D6769336431}.Debug|x64.Build.0 = Debug|x64
		{918CB450-A7C4-4731-9454-8D6769336431}.Debug|x86.ActiveCfg = Debug|Win32
		{918CB450-A7C4-4731-9454-8D6769336431}.Debug|x86.Build.0 = Debug|Win32
		{918CB450-A7C4-4731-9454-8D6769336431}.Release|x64.ActiveCfg = Release|x64
		{918CB450-A7C4-4731-9454-8D6769336431}.Release|x64.Build.0 = Release|x64
		{918CB450-A7C4-4731-9454-8D6769336431}.Release|x86.ActiveCfg = Release|Win32
		{918CB450-A7C4-4731-9454-8D6769336431}.Release|x86.Build.0 = Release|Win32
	EndGlobalSection
	GlobalSection(SolutionProperties) = preSolution
		HideSolutionNode = FALSE
	EndGlobalSection
EndGlobal
